
Microsoft Visual Studio Solution File, Format Version 12.00
# Visual Studio 15
Project("{FAE04EC0-301F-11D3-BF4B-00C04F79EFBC}") = "Meta.WitAi.Conduit", "Meta.WitAi.Conduit.csproj", "{640A77DD-A73D-94E8-187D-8BB623F9EE01}"
EndProject
Project("{FAE04EC0-301F-11D3-BF4B-00C04F79EFBC}") = "UltimateXR", "UltimateXR.csproj", "{9C30848B-5B76-3877-248D-D9B65DDB1608}"
EndProject
Project("{FAE04EC0-301F-11D3-BF4B-00C04F79EFBC}") = "Oculus.VR", "Oculus.VR.csproj", "{294EF7EE-3C42-0D8A-0C6F-7D71E9E03DB2}"
EndProject
Project("{FAE04EC0-301F-11D3-BF4B-00C04F79EFBC}") = "Oculus.Interaction", "Oculus.Interaction.csproj", "{FC120F2A-DF54-AA9A-F647-E29BDEF047C8}"
EndProject
Project("{FAE04EC0-301F-11D3-BF4B-00C04F79EFBC}") = "Oculus.Interaction.Editor", "Oculus.Interaction.Editor.csproj", "{5E96A0A5-67E4-1232-77AD-4C3D0B81E908}"
EndProject
Project("{FAE04EC0-301F-11D3-BF4B-00C04F79EFBC}") = "Oculus.Platform", "Oculus.Platform.csproj", "{D527EE24-C02A-85FB-AED1-595C3625A751}"
EndProject
Project("{FAE04EC0-301F-11D3-BF4B-00C04F79EFBC}") = "VoiceSDK.Telemetry", "VoiceSDK.Telemetry.csproj", "{78653E72-89B8-BB48-9DF4-C449B6D9C39C}"
EndProject
Project("{FAE04EC0-301F-11D3-BF4B-00C04F79EFBC}") = "AgoraRtcSDK", "AgoraRtcSDK.csproj", "{5112D386-3B30-806A-C36B-0DF1507A06D0}"
EndProject
Project("{FAE04EC0-301F-11D3-BF4B-00C04F79EFBC}") = "Assembly-CSharp", "Assembly-CSharp.csproj", "{1C9DE34A-DD3B-2665-A561-9007E150C38C}"
EndProject
Project("{FAE04EC0-301F-11D3-BF4B-00C04F79EFBC}") = "Oculus.Interaction.OVR.Samples", "Oculus.Interaction.OVR.Samples.csproj", "{B75E2E8A-78C1-1D81-9894-A6612322EF52}"
EndProject
Project("{FAE04EC0-301F-11D3-BF4B-00C04F79EFBC}") = "Meta.WitAi.Lib", "Meta.WitAi.Lib.csproj", "{6971211C-2318-9196-414A-E7C45C6C875E}"
EndProject
Project("{FAE04EC0-301F-11D3-BF4B-00C04F79EFBC}") = "UltimateXR.Editor", "UltimateXR.Editor.csproj", "{F3DFE58E-BEB9-64DD-152E-1F5249D730DC}"
EndProject
Project("{FAE04EC0-301F-11D3-BF4B-00C04F79EFBC}") = "Meta.WitAi.Editor", "Meta.WitAi.Editor.csproj", "{AB5FA5F2-3A7F-992E-71A1-74B4110BA1EF}"
EndProject
Project("{FAE04EC0-301F-11D3-BF4B-00C04F79EFBC}") = "Assembly-CSharp-Editor", "Assembly-CSharp-Editor.csproj", "{D9AE996F-6934-C5AC-FDEB-FDDD51780FDD}"
EndProject
Project("{FAE04EC0-301F-11D3-BF4B-00C04F79EFBC}") = "Meta.WitAi.Conduit.Editor", "Meta.WitAi.Conduit.Editor.csproj", "{CDE1BE76-618B-0863-96EE-6494FE6DB989}"
EndProject
Project("{FAE04EC0-301F-11D3-BF4B-00C04F79EFBC}") = "Meta.WitAi", "Meta.WitAi.csproj", "{CFB6519F-5892-7009-3AF1-F3E50F8713F4}"
EndProject
Project("{FAE04EC0-301F-11D3-BF4B-00C04F79EFBC}") = "Oculus.VR.Editor", "Oculus.VR.Editor.csproj", "{1D606940-809D-8BC8-0011-730C3CBCCF76}"
EndProject
Project("{FAE04EC0-301F-11D3-BF4B-00C04F79EFBC}") = "Oculus.Interaction.OVR.Editor", "Oculus.Interaction.OVR.Editor.csproj", "{377BB3E4-8C51-0DB3-7A7C-A64C169CBBFA}"
EndProject
Project("{FAE04EC0-301F-11D3-BF4B-00C04F79EFBC}") = "Oculus.LipSync", "Oculus.LipSync.csproj", "{CEF616D7-5251-276B-56D5-9885A3672418}"
EndProject
Project("{FAE04EC0-301F-11D3-BF4B-00C04F79EFBC}") = "Oculus.Interaction.OVR", "Oculus.Interaction.OVR.csproj", "{CFE72E13-80BF-753E-3CE8-DD0C5B33F2F9}"
EndProject
Project("{FAE04EC0-301F-11D3-BF4B-00C04F79EFBC}") = "VoiceSDK.Editor", "VoiceSDK.Editor.csproj", "{A3428FA1-1821-98B0-8E10-33ED41A1D7EE}"
EndProject
Project("{FAE04EC0-301F-11D3-BF4B-00C04F79EFBC}") = "Meta.WitAI.Lib.Editor", "Meta.WitAI.Lib.Editor.csproj", "{278A6F56-562A-1999-97CF-DE9AC19EDAE0}"
EndProject
Project("{FAE04EC0-301F-11D3-BF4B-00C04F79EFBC}") = "Meta.WitAi.TTS", "Meta.WitAi.TTS.csproj", "{057D4999-96DC-5EEF-8124-DB9B10DB6F27}"
EndProject
Project("{FAE04EC0-301F-11D3-BF4B-00C04F79EFBC}") = "Oculus.AudioManager", "Oculus.AudioManager.csproj", "{7A6DD05A-96E1-27F8-50C3-22D5B88FD6A0}"
EndProject
Project("{FAE04EC0-301F-11D3-BF4B-00C04F79EFBC}") = "Meta.WitAi.TTS.Editor", "Meta.WitAi.TTS.Editor.csproj", "{1E23D9C4-1C08-F8D8-CFEB-70C045CAAC8A}"
EndProject
Project("{FAE04EC0-301F-11D3-BF4B-00C04F79EFBC}") = "Meta.Voice.Samples.BuiltInTimer", "Meta.Voice.Samples.BuiltInTimer.csproj", "{D789086A-9DE6-6CA5-C6FA-E3B8D3956E8C}"
EndProject
Project("{FAE04EC0-301F-11D3-BF4B-00C04F79EFBC}") = "Meta.XR.BuildingBlocks.Editor", "Meta.XR.BuildingBlocks.Editor.csproj", "{B8731812-08D5-FEAA-DFFC-8BDEF6736312}"
EndProject
Project("{FAE04EC0-301F-11D3-BF4B-00C04F79EFBC}") = "Meta.Voice.VSDKHub.Editor", "Meta.Voice.VSDKHub.Editor.csproj", "{AE8F4B67-8A37-DEAE-A549-CEC11B4FC90D}"
EndProject
Project("{FAE04EC0-301F-11D3-BF4B-00C04F79EFBC}") = "VoiceSDK.Dictation.Runtime", "VoiceSDK.Dictation.Runtime.csproj", "{3D247026-DE3C-3742-F179-89D4A80EDD60}"
EndProject
Project("{FAE04EC0-301F-11D3-BF4B-00C04F79EFBC}") = "AssistantCoreSDKRuntime", "AssistantCoreSDKRuntime.csproj", "{50005E41-6DEE-CEB4-AD72-394D5532BC96}"
EndProject
Project("{FAE04EC0-301F-11D3-BF4B-00C04F79EFBC}") = "Meta.Voice.Samples.TTSVoices", "Meta.Voice.Samples.TTSVoices.csproj", "{A15974D9-3AE0-F819-44FB-BC8117BB9C0C}"
EndProject
Project("{FAE04EC0-301F-11D3-BF4B-00C04F79EFBC}") = "VoiceSDK.Runtime", "VoiceSDK.Runtime.csproj", "{CED91ABD-9D89-DFD2-0079-F839F2246DDC}"
EndProject
Project("{FAE04EC0-301F-11D3-BF4B-00C04F79EFBC}") = "Meta.WitAi.TTS.Samples", "Meta.WitAi.TTS.Samples.csproj", "{DFEF757C-8F64-79A2-C1F1-64823700D194}"
EndProject
Project("{FAE04EC0-301F-11D3-BF4B-00C04F79EFBC}") = "Oculus.VR.Scripts.Editor", "Oculus.VR.Scripts.Editor.csproj", "{136E5497-366F-89C6-E3B4-4621FF97AC9E}"
EndProject
Project("{FAE04EC0-301F-11D3-BF4B-00C04F79EFBC}") = "UltimateXR.Examples", "UltimateXR.Examples.csproj", "{60800892-D616-F1D7-0241-BD02A3DCDC33}"
EndProject
Project("{FAE04EC0-301F-11D3-BF4B-00C04F79EFBC}") = "Meta.Voice.Samples.LightTraits", "Meta.Voice.Samples.LightTraits.csproj", "{F98141CA-5DC6-FA64-D587-7085106C4136}"
EndProject
Project("{FAE04EC0-301F-11D3-BF4B-00C04F79EFBC}") = "Meta.Voice.Hub.Editor", "Meta.Voice.Hub.Editor.csproj", "{9F58B03E-4E22-1E0E-DA54-F851A41DC822}"
EndProject
Project("{FAE04EC0-301F-11D3-BF4B-00C04F79EFBC}") = "Oculus.Interaction.Samples.Editor", "Oculus.Interaction.Samples.Editor.csproj", "{2341EAB5-9AC4-A168-7299-62A3E0AE00CE}"
EndProject
Project("{FAE04EC0-301F-11D3-BF4B-00C04F79EFBC}") = "Meta.XR.BuildingBlocks", "Meta.XR.BuildingBlocks.csproj", "{B9EB55D8-EFAF-4F11-E8B5-AF3E7AE1A097}"
EndProject
Project("{FAE04EC0-301F-11D3-BF4B-00C04F79EFBC}") = "Oculus.Platform.Editor", "Oculus.Platform.Editor.csproj", "{C8460837-E60A-A42F-B774-DCE935C14CFF}"
EndProject
Project("{FAE04EC0-301F-11D3-BF4B-00C04F79EFBC}") = "Facebook.Wit.Dictation", "Facebook.Wit.Dictation.csproj", "{29CF9910-0BFD-879D-C50E-DD8B46D2D95D}"
EndProject
Project("{FAE04EC0-301F-11D3-BF4B-00C04F79EFBC}") = "Oculus.Spatializer.Editor", "Oculus.Spatializer.Editor.csproj", "{B2CBE166-AED4-AE72-3705-E813C2CB6F2C}"
EndProject
Project("{FAE04EC0-301F-11D3-BF4B-00C04F79EFBC}") = "Oculus.LipSync.Editor", "Oculus.LipSync.Editor.csproj", "{DB1F6E8E-6FEA-B162-BD64-015EADC88A6B}"
EndProject
Project("{FAE04EC0-301F-11D3-BF4B-00C04F79EFBC}") = "Oculus.AudioManager.Utils.Editor", "Oculus.AudioManager.Utils.Editor.csproj", "{3F2014FC-9C46-B91E-3AC2-692452DB9769}"
EndProject
Project("{FAE04EC0-301F-11D3-BF4B-00C04F79EFBC}") = "Meta.VoiceSDK.Mic.Common", "Meta.VoiceSDK.Mic.Common.csproj", "{A861FBF8-5D6D-609A-80E9-885D26F980A9}"
EndProject
Project("{FAE04EC0-301F-11D3-BF4B-00C04F79EFBC}") = "Meta.Voice.Samples.ShapesConduit", "Meta.Voice.Samples.ShapesConduit.csproj", "{80AD56D0-F6EB-4E31-554E-7D2ACAB20F36}"
EndProject
Project("{FAE04EC0-301F-11D3-BF4B-00C04F79EFBC}") = "Oculus.Spatializer", "Oculus.Spatializer.csproj", "{F8EA325C-162F-963E-04CA-3FD47F37FC1F}"
EndProject
Project("{FAE04EC0-301F-11D3-BF4B-00C04F79EFBC}") = "Meta.VoiceSDK.Mic.Other", "Meta.VoiceSDK.Mic.Other.csproj", "{21D07844-FB00-B3AC-3C9B-32D86543B9C6}"
EndProject
Project("{FAE04EC0-301F-11D3-BF4B-00C04F79EFBC}") = "Oculus.Interaction.InterfaceSupport", "Oculus.Interaction.InterfaceSupport.csproj", "{DCB4E1E5-B016-365F-98D6-E5505CB99C23}"
EndProject
Project("{FAE04EC0-301F-11D3-BF4B-00C04F79EFBC}") = "Oculus.AudioManager.Audio.Editor", "Oculus.AudioManager.Audio.Editor.csproj", "{5B026635-34B5-370C-328D-21C39433BD66}"
EndProject
Project("{FAE04EC0-301F-11D3-BF4B-00C04F79EFBC}") = "Meta.Voice.Samples.LiveUnderstanding", "Meta.Voice.Samples.LiveUnderstanding.csproj", "{CFC2041D-50DD-16A4-AD0C-058C8CFDB68B}"
EndProject
Project("{FAE04EC0-301F-11D3-BF4B-00C04F79EFBC}") = "VoiceSDK.Dictation.Editor", "VoiceSDK.Dictation.Editor.csproj", "{B48F4C2B-49D5-E5A3-B4B5-562F98D674F0}"
EndProject
Project("{FAE04EC0-301F-11D3-BF4B-00C04F79EFBC}") = "AssistantCoreSDKEditor", "AssistantCoreSDKEditor.csproj", "{292414C3-374A-09AC-5157-4868115286AC}"
EndProject
Project("{FAE04EC0-301F-11D3-BF4B-00C04F79EFBC}") = "Meta.VoiceSDK.Mic.WebGL", "Meta.VoiceSDK.Mic.WebGL.csproj", "{E8A4B7A4-B87D-AC4A-DC08-E4FD2027FE7B}"
EndProject
Project("{FAE04EC0-301F-11D3-BF4B-00C04F79EFBC}") = "Meta.Voice.Hub.Runtime", "Meta.Voice.Hub.Runtime.csproj", "{0E8186A7-DCBB-EE5A-4F8E-C6CCA97B0853}"
EndProject
Project("{FAE04EC0-301F-11D3-BF4B-00C04F79EFBC}") = "Meta.Voice.Samples.Chess", "Meta.Voice.Samples.Chess.csproj", "{9905B4E8-F43D-A4FE-9B25-CAA2D982227F}"
EndProject
Project("{FAE04EC0-301F-11D3-BF4B-00C04F79EFBC}") = "Meta.Voice.Samples.Dictation", "Meta.Voice.Samples.Dictation.csproj", "{AE76C8BB-454B-5092-A3CA-D2AFB3329605}"
EndProject
Project("{FAE04EC0-301F-11D3-BF4B-00C04F79EFBC}") = "Meta.Voice.Samples.Shapes", "Meta.Voice.Samples.Shapes.csproj", "{27DB7A18-EBF0-9765-BF6F-09096279A4D5}"
EndProject
Project("{FAE04EC0-301F-11D3-BF4B-00C04F79EFBC}") = "Facebook.Wit.Dictation.Editor", "Facebook.Wit.Dictation.Editor.csproj", "{F5676ECB-96E6-2E6A-6BE1-55ADEC28FAE7}"
EndProject
Global
	GlobalSection(SolutionConfigurationPlatforms) = preSolution
		Debug|Any CPU = Debug|Any CPU
		Release|Any CPU = Release|Any CPU
	EndGlobalSection
	GlobalSection(ProjectConfigurationPlatforms) = postSolution
		{640A77DD-A73D-94E8-187D-8BB623F9EE01}.Debug|Any CPU.ActiveCfg = Debug|Any CPU
		{640A77DD-A73D-94E8-187D-8BB623F9EE01}.Debug|Any CPU.Build.0 = Debug|Any CPU
		{640A77DD-A73D-94E8-187D-8BB623F9EE01}.Release|Any CPU.ActiveCfg = Release|Any CPU
		{640A77DD-A73D-94E8-187D-8BB623F9EE01}.Release|Any CPU.Build.0 = Release|Any CPU
		{9C30848B-5B76-3877-248D-D9B65DDB1608}.Debug|Any CPU.ActiveCfg = Debug|Any CPU
		{9C30848B-5B76-3877-248D-D9B65DDB1608}.Debug|Any CPU.Build.0 = Debug|Any CPU
		{9C30848B-5B76-3877-248D-D9B65DDB1608}.Release|Any CPU.ActiveCfg = Release|Any CPU
		{9C30848B-5B76-3877-248D-D9B65DDB1608}.Release|Any CPU.Build.0 = Release|Any CPU
		{294EF7EE-3C42-0D8A-0C6F-7D71E9E03DB2}.Debug|Any CPU.ActiveCfg = Debug|Any CPU
		{294EF7EE-3C42-0D8A-0C6F-7D71E9E03DB2}.Debug|Any CPU.Build.0 = Debug|Any CPU
		{294EF7EE-3C42-0D8A-0C6F-7D71E9E03DB2}.Release|Any CPU.ActiveCfg = Release|Any CPU
		{294EF7EE-3C42-0D8A-0C6F-7D71E9E03DB2}.Release|Any CPU.Build.0 = Release|Any CPU
		{FC120F2A-DF54-AA9A-F647-E29BDEF047C8}.Debug|Any CPU.ActiveCfg = Debug|Any CPU
		{FC120F2A-DF54-AA9A-F647-E29BDEF047C8}.Debug|Any CPU.Build.0 = Debug|Any CPU
		{FC120F2A-DF54-AA9A-F647-E29BDEF047C8}.Release|Any CPU.ActiveCfg = Release|Any CPU
		{FC120F2A-DF54-AA9A-F647-E29BDEF047C8}.Release|Any CPU.Build.0 = Release|Any CPU
		{5E96A0A5-67E4-1232-77AD-4C3D0B81E908}.Debug|Any CPU.ActiveCfg = Debug|Any CPU
		{5E96A0A5-67E4-1232-77AD-4C3D0B81E908}.Debug|Any CPU.Build.0 = Debug|Any CPU
		{5E96A0A5-67E4-1232-77AD-4C3D0B81E908}.Release|Any CPU.ActiveCfg = Release|Any CPU
		{5E96A0A5-67E4-1232-77AD-4C3D0B81E908}.Release|Any CPU.Build.0 = Release|Any CPU
		{D527EE24-C02A-85FB-AED1-595C3625A751}.Debug|Any CPU.ActiveCfg = Debug|Any CPU
		{D527EE24-C02A-85FB-AED1-595C3625A751}.Debug|Any CPU.Build.0 = Debug|Any CPU
		{D527EE24-C02A-85FB-AED1-595C3625A751}.Release|Any CPU.ActiveCfg = Release|Any CPU
		{D527EE24-C02A-85FB-AED1-595C3625A751}.Release|Any CPU.Build.0 = Release|Any CPU
		{78653E72-89B8-BB48-9DF4-C449B6D9C39C}.Debug|Any CPU.ActiveCfg = Debug|Any CPU
		{78653E72-89B8-BB48-9DF4-C449B6D9C39C}.Debug|Any CPU.Build.0 = Debug|Any CPU
		{78653E72-89B8-BB48-9DF4-C449B6D9C39C}.Release|Any CPU.ActiveCfg = Release|Any CPU
		{78653E72-89B8-BB48-9DF4-C449B6D9C39C}.Release|Any CPU.Build.0 = Release|Any CPU
		{5112D386-3B30-806A-C36B-0DF1507A06D0}.Debug|Any CPU.ActiveCfg = Debug|Any CPU
		{5112D386-3B30-806A-C36B-0DF1507A06D0}.Debug|Any CPU.Build.0 = Debug|Any CPU
		{5112D386-3B30-806A-C36B-0DF1507A06D0}.Release|Any CPU.ActiveCfg = Release|Any CPU
		{5112D386-3B30-806A-C36B-0DF1507A06D0}.Release|Any CPU.Build.0 = Release|Any CPU
		{1C9DE34A-DD3B-2665-A561-9007E150C38C}.Debug|Any CPU.ActiveCfg = Debug|Any CPU
		{1C9DE34A-DD3B-2665-A561-9007E150C38C}.Debug|Any CPU.Build.0 = Debug|Any CPU
		{1C9DE34A-DD3B-2665-A561-9007E150C38C}.Release|Any CPU.ActiveCfg = Release|Any CPU
		{1C9DE34A-DD3B-2665-A561-9007E150C38C}.Release|Any CPU.Build.0 = Release|Any CPU
		{B75E2E8A-78C1-1D81-9894-A6612322EF52}.Debug|Any CPU.ActiveCfg = Debug|Any CPU
		{B75E2E8A-78C1-1D81-9894-A6612322EF52}.Debug|Any CPU.Build.0 = Debug|Any CPU
		{B75E2E8A-78C1-1D81-9894-A6612322EF52}.Release|Any CPU.ActiveCfg = Release|Any CPU
		{B75E2E8A-78C1-1D81-9894-A6612322EF52}.Release|Any CPU.Build.0 = Release|Any CPU
		{6971211C-2318-9196-414A-E7C45C6C875E}.Debug|Any CPU.ActiveCfg = Debug|Any CPU
		{6971211C-2318-9196-414A-E7C45C6C875E}.Debug|Any CPU.Build.0 = Debug|Any CPU
		{6971211C-2318-9196-414A-E7C45C6C875E}.Release|Any CPU.ActiveCfg = Release|Any CPU
		{6971211C-2318-9196-414A-E7C45C6C875E}.Release|Any CPU.Build.0 = Release|Any CPU
		{F3DFE58E-BEB9-64DD-152E-1F5249D730DC}.Debug|Any CPU.ActiveCfg = Debug|Any CPU
		{F3DFE58E-BEB9-64DD-152E-1F5249D730DC}.Debug|Any CPU.Build.0 = Debug|Any CPU
		{F3DFE58E-BEB9-64DD-152E-1F5249D730DC}.Release|Any CPU.ActiveCfg = Release|Any CPU
		{F3DFE58E-BEB9-64DD-152E-1F5249D730DC}.Release|Any CPU.Build.0 = Release|Any CPU
		{AB5FA5F2-3A7F-992E-71A1-74B4110BA1EF}.Debug|Any CPU.ActiveCfg = Debug|Any CPU
		{AB5FA5F2-3A7F-992E-71A1-74B4110BA1EF}.Debug|Any CPU.Build.0 = Debug|Any CPU
		{AB5FA5F2-3A7F-992E-71A1-74B4110BA1EF}.Release|Any CPU.ActiveCfg = Release|Any CPU
		{AB5FA5F2-3A7F-992E-71A1-74B4110BA1EF}.Release|Any CPU.Build.0 = Release|Any CPU
		{D9AE996F-6934-C5AC-FDEB-FDDD51780FDD}.Debug|Any CPU.ActiveCfg = Debug|Any CPU
		{D9AE996F-6934-C5AC-FDEB-FDDD51780FDD}.Debug|Any CPU.Build.0 = Debug|Any CPU
		{D9AE996F-6934-C5AC-FDEB-FDDD51780FDD}.Release|Any CPU.ActiveCfg = Release|Any CPU
		{D9AE996F-6934-C5AC-FDEB-FDDD51780FDD}.Release|Any CPU.Build.0 = Release|Any CPU
		{CDE1BE76-618B-0863-96EE-6494FE6DB989}.Debug|Any CPU.ActiveCfg = Debug|Any CPU
		{CDE1BE76-618B-0863-96EE-6494FE6DB989}.Debug|Any CPU.Build.0 = Debug|Any CPU
		{CDE1BE76-618B-0863-96EE-6494FE6DB989}.Release|Any CPU.ActiveCfg = Release|Any CPU
		{CDE1BE76-618B-0863-96EE-6494FE6DB989}.Release|Any CPU.Build.0 = Release|Any CPU
		{CFB6519F-5892-7009-3AF1-F3E50F8713F4}.Debug|Any CPU.ActiveCfg = Debug|Any CPU
		{CFB6519F-5892-7009-3AF1-F3E50F8713F4}.Debug|Any CPU.Build.0 = Debug|Any CPU
		{CFB6519F-5892-7009-3AF1-F3E50F8713F4}.Release|Any CPU.ActiveCfg = Release|Any CPU
		{CFB6519F-5892-7009-3AF1-F3E50F8713F4}.Release|Any CPU.Build.0 = Release|Any CPU
		{1D606940-809D-8BC8-0011-730C3CBCCF76}.Debug|Any CPU.ActiveCfg = Debug|Any CPU
		{1D606940-809D-8BC8-0011-730C3CBCCF76}.Debug|Any CPU.Build.0 = Debug|Any CPU
		{1D606940-809D-8BC8-0011-730C3CBCCF76}.Release|Any CPU.ActiveCfg = Release|Any CPU
		{1D606940-809D-8BC8-0011-730C3CBCCF76}.Release|Any CPU.Build.0 = Release|Any CPU
		{377BB3E4-8C51-0DB3-7A7C-A64C169CBBFA}.Debug|Any CPU.ActiveCfg = Debug|Any CPU
		{377BB3E4-8C51-0DB3-7A7C-A64C169CBBFA}.Debug|Any CPU.Build.0 = Debug|Any CPU
		{377BB3E4-8C51-0DB3-7A7C-A64C169CBBFA}.Release|Any CPU.ActiveCfg = Release|Any CPU
		{377BB3E4-8C51-0DB3-7A7C-A64C169CBBFA}.Release|Any CPU.Build.0 = Release|Any CPU
		{CEF616D7-5251-276B-56D5-9885A3672418}.Debug|Any CPU.ActiveCfg = Debug|Any CPU
		{CEF616D7-5251-276B-56D5-9885A3672418}.Debug|Any CPU.Build.0 = Debug|Any CPU
		{CEF616D7-5251-276B-56D5-9885A3672418}.Release|Any CPU.ActiveCfg = Release|Any CPU
		{CEF616D7-5251-276B-56D5-9885A3672418}.Release|Any CPU.Build.0 = Release|Any CPU
		{CFE72E13-80BF-753E-3CE8-DD0C5B33F2F9}.Debug|Any CPU.ActiveCfg = Debug|Any CPU
		{CFE72E13-80BF-753E-3CE8-DD0C5B33F2F9}.Debug|Any CPU.Build.0 = Debug|Any CPU
		{CFE72E13-80BF-753E-3CE8-DD0C5B33F2F9}.Release|Any CPU.ActiveCfg = Release|Any CPU
		{CFE72E13-80BF-753E-3CE8-DD0C5B33F2F9}.Release|Any CPU.Build.0 = Release|Any CPU
		{A3428FA1-1821-98B0-8E10-33ED41A1D7EE}.Debug|Any CPU.ActiveCfg = Debug|Any CPU
		{A3428FA1-1821-98B0-8E10-33ED41A1D7EE}.Debug|Any CPU.Build.0 = Debug|Any CPU
		{A3428FA1-1821-98B0-8E10-33ED41A1D7EE}.Release|Any CPU.ActiveCfg = Release|Any CPU
		{A3428FA1-1821-98B0-8E10-33ED41A1D7EE}.Release|Any CPU.Build.0 = Release|Any CPU
		{278A6F56-562A-1999-97CF-DE9AC19EDAE0}.Debug|Any CPU.ActiveCfg = Debug|Any CPU
		{278A6F56-562A-1999-97CF-DE9AC19EDAE0}.Debug|Any CPU.Build.0 = Debug|Any CPU
		{278A6F56-562A-1999-97CF-DE9AC19EDAE0}.Release|Any CPU.ActiveCfg = Release|Any CPU
		{278A6F56-562A-1999-97CF-DE9AC19EDAE0}.Release|Any CPU.Build.0 = Release|Any CPU
		{057D4999-96DC-5EEF-8124-DB9B10DB6F27}.Debug|Any CPU.ActiveCfg = Debug|Any CPU
		{057D4999-96DC-5EEF-8124-DB9B10DB6F27}.Debug|Any CPU.Build.0 = Debug|Any CPU
		{057D4999-96DC-5EEF-8124-DB9B10DB6F27}.Release|Any CPU.ActiveCfg = Release|Any CPU
		{057D4999-96DC-5EEF-8124-DB9B10DB6F27}.Release|Any CPU.Build.0 = Release|Any CPU
		{7A6DD05A-96E1-27F8-50C3-22D5B88FD6A0}.Debug|Any CPU.ActiveCfg = Debug|Any CPU
		{7A6DD05A-96E1-27F8-50C3-22D5B88FD6A0}.Debug|Any CPU.Build.0 = Debug|Any CPU
		{7A6DD05A-96E1-27F8-50C3-22D5B88FD6A0}.Release|Any CPU.ActiveCfg = Release|Any CPU
		{7A6DD05A-96E1-27F8-50C3-22D5B88FD6A0}.Release|Any CPU.Build.0 = Release|Any CPU
		{1E23D9C4-1C08-F8D8-CFEB-70C045CAAC8A}.Debug|Any CPU.ActiveCfg = Debug|Any CPU
		{1E23D9C4-1C08-F8D8-CFEB-70C045CAAC8A}.Debug|Any CPU.Build.0 = Debug|Any CPU
		{1E23D9C4-1C08-F8D8-CFEB-70C045CAAC8A}.Release|Any CPU.ActiveCfg = Release|Any CPU
		{1E23D9C4-1C08-F8D8-CFEB-70C045CAAC8A}.Release|Any CPU.Build.0 = Release|Any CPU
		{D789086A-9DE6-6CA5-C6FA-E3B8D3956E8C}.Debug|Any CPU.ActiveCfg = Debug|Any CPU
		{D789086A-9DE6-6CA5-C6FA-E3B8D3956E8C}.Debug|Any CPU.Build.0 = Debug|Any CPU
		{D789086A-9DE6-6CA5-C6FA-E3B8D3956E8C}.Release|Any CPU.ActiveCfg = Release|Any CPU
		{D789086A-9DE6-6CA5-C6FA-E3B8D3956E8C}.Release|Any CPU.Build.0 = Release|Any CPU
		{B8731812-08D5-FEAA-DFFC-8BDEF6736312}.Debug|Any CPU.ActiveCfg = Debug|Any CPU
		{B8731812-08D5-FEAA-DFFC-8BDEF6736312}.Debug|Any CPU.Build.0 = Debug|Any CPU
		{B8731812-08D5-FEAA-DFFC-8BDEF6736312}.Release|Any CPU.ActiveCfg = Release|Any CPU
		{B8731812-08D5-FEAA-DFFC-8BDEF6736312}.Release|Any CPU.Build.0 = Release|Any CPU
		{AE8F4B67-8A37-DEAE-A549-CEC11B4FC90D}.Debug|Any CPU.ActiveCfg = Debug|Any CPU
		{AE8F4B67-8A37-DEAE-A549-CEC11B4FC90D}.Debug|Any CPU.Build.0 = Debug|Any CPU
		{AE8F4B67-8A37-DEAE-A549-CEC11B4FC90D}.Release|Any CPU.ActiveCfg = Release|Any CPU
		{AE8F4B67-8A37-DEAE-A549-CEC11B4FC90D}.Release|Any CPU.Build.0 = Release|Any CPU
		{3D247026-DE3C-3742-F179-89D4A80EDD60}.Debug|Any CPU.ActiveCfg = Debug|Any CPU
		{3D247026-DE3C-3742-F179-89D4A80EDD60}.Debug|Any CPU.Build.0 = Debug|Any CPU
		{3D247026-DE3C-3742-F179-89D4A80EDD60}.Release|Any CPU.ActiveCfg = Release|Any CPU
		{3D247026-DE3C-3742-F179-89D4A80EDD60}.Release|Any CPU.Build.0 = Release|Any CPU
		{50005E41-6DEE-CEB4-AD72-394D5532BC96}.Debug|Any CPU.ActiveCfg = Debug|Any CPU
		{50005E41-6DEE-CEB4-AD72-394D5532BC96}.Debug|Any CPU.Build.0 = Debug|Any CPU
		{50005E41-6DEE-CEB4-AD72-394D5532BC96}.Release|Any CPU.ActiveCfg = Release|Any CPU
		{50005E41-6DEE-CEB4-AD72-394D5532BC96}.Release|Any CPU.Build.0 = Release|Any CPU
		{A15974D9-3AE0-F819-44FB-BC8117BB9C0C}.Debug|Any CPU.ActiveCfg = Debug|Any CPU
		{A15974D9-3AE0-F819-44FB-BC8117BB9C0C}.Debug|Any CPU.Build.0 = Debug|Any CPU
		{A15974D9-3AE0-F819-44FB-BC8117BB9C0C}.Release|Any CPU.ActiveCfg = Release|Any CPU
		{A15974D9-3AE0-F819-44FB-BC8117BB9C0C}.Release|Any CPU.Build.0 = Release|Any CPU
		{CED91ABD-9D89-DFD2-0079-F839F2246DDC}.Debug|Any CPU.ActiveCfg = Debug|Any CPU
		{CED91ABD-9D89-DFD2-0079-F839F2246DDC}.Debug|Any CPU.Build.0 = Debug|Any CPU
		{CED91ABD-9D89-DFD2-0079-F839F2246DDC}.Release|Any CPU.ActiveCfg = Release|Any CPU
		{CED91ABD-9D89-DFD2-0079-F839F2246DDC}.Release|Any CPU.Build.0 = Release|Any CPU
		{DFEF757C-8F64-79A2-C1F1-64823700D194}.Debug|Any CPU.ActiveCfg = Debug|Any CPU
		{DFEF757C-8F64-79A2-C1F1-64823700D194}.Debug|Any CPU.Build.0 = Debug|Any CPU
		{DFEF757C-8F64-79A2-C1F1-64823700D194}.Release|Any CPU.ActiveCfg = Release|Any CPU
		{DFEF757C-8F64-79A2-C1F1-64823700D194}.Release|Any CPU.Build.0 = Release|Any CPU
		{136E5497-366F-89C6-E3B4-4621FF97AC9E}.Debug|Any CPU.ActiveCfg = Debug|Any CPU
		{136E5497-366F-89C6-E3B4-4621FF97AC9E}.Debug|Any CPU.Build.0 = Debug|Any CPU
		{136E5497-366F-89C6-E3B4-4621FF97AC9E}.Release|Any CPU.ActiveCfg = Release|Any CPU
		{136E5497-366F-89C6-E3B4-4621FF97AC9E}.Release|Any CPU.Build.0 = Release|Any CPU
		{60800892-D616-F1D7-0241-BD02A3DCDC33}.Debug|Any CPU.ActiveCfg = Debug|Any CPU
		{60800892-D616-F1D7-0241-BD02A3DCDC33}.Debug|Any CPU.Build.0 = Debug|Any CPU
		{60800892-D616-F1D7-0241-BD02A3DCDC33}.Release|Any CPU.ActiveCfg = Release|Any CPU
		{60800892-D616-F1D7-0241-BD02A3DCDC33}.Release|Any CPU.Build.0 = Release|Any CPU
		{F98141CA-5DC6-FA64-D587-7085106C4136}.Debug|Any CPU.ActiveCfg = Debug|Any CPU
		{F98141CA-5DC6-FA64-D587-7085106C4136}.Debug|Any CPU.Build.0 = Debug|Any CPU
		{F98141CA-5DC6-FA64-D587-7085106C4136}.Release|Any CPU.ActiveCfg = Release|Any CPU
		{F98141CA-5DC6-FA64-D587-7085106C4136}.Release|Any CPU.Build.0 = Release|Any CPU
		{9F58B03E-4E22-1E0E-DA54-F851A41DC822}.Debug|Any CPU.ActiveCfg = Debug|Any CPU
		{9F58B03E-4E22-1E0E-DA54-F851A41DC822}.Debug|Any CPU.Build.0 = Debug|Any CPU
		{9F58B03E-4E22-1E0E-DA54-F851A41DC822}.Release|Any CPU.ActiveCfg = Release|Any CPU
		{9F58B03E-4E22-1E0E-DA54-F851A41DC822}.Release|Any CPU.Build.0 = Release|Any CPU
		{2341EAB5-9AC4-A168-7299-62A3E0AE00CE}.Debug|Any CPU.ActiveCfg = Debug|Any CPU
		{2341EAB5-9AC4-A168-7299-62A3E0AE00CE}.Debug|Any CPU.Build.0 = Debug|Any CPU
		{2341EAB5-9AC4-A168-7299-62A3E0AE00CE}.Release|Any CPU.ActiveCfg = Release|Any CPU
		{2341EAB5-9AC4-A168-7299-62A3E0AE00CE}.Release|Any CPU.Build.0 = Release|Any CPU
		{B9EB55D8-EFAF-4F11-E8B5-AF3E7AE1A097}.Debug|Any CPU.ActiveCfg = Debug|Any CPU
		{B9EB55D8-EFAF-4F11-E8B5-AF3E7AE1A097}.Debug|Any CPU.Build.0 = Debug|Any CPU
		{B9EB55D8-EFAF-4F11-E8B5-AF3E7AE1A097}.Release|Any CPU.ActiveCfg = Release|Any CPU
		{B9EB55D8-EFAF-4F11-E8B5-AF3E7AE1A097}.Release|Any CPU.Build.0 = Release|Any CPU
		{C8460837-E60A-A42F-B774-DCE935C14CFF}.Debug|Any CPU.ActiveCfg = Debug|Any CPU
		{C8460837-E60A-A42F-B774-DCE935C14CFF}.Debug|Any CPU.Build.0 = Debug|Any CPU
		{C8460837-E60A-A42F-B774-DCE935C14CFF}.Release|Any CPU.ActiveCfg = Release|Any CPU
		{C8460837-E60A-A42F-B774-DCE935C14CFF}.Release|Any CPU.Build.0 = Release|Any CPU
		{29CF9910-0BFD-879D-C50E-DD8B46D2D95D}.Debug|Any CPU.ActiveCfg = Debug|Any CPU
		{29CF9910-0BFD-879D-C50E-DD8B46D2D95D}.Debug|Any CPU.Build.0 = Debug|Any CPU
		{29CF9910-0BFD-879D-C50E-DD8B46D2D95D}.Release|Any CPU.ActiveCfg = Release|Any CPU
		{29CF9910-0BFD-879D-C50E-DD8B46D2D95D}.Release|Any CPU.Build.0 = Release|Any CPU
		{B2CBE166-AED4-AE72-3705-E813C2CB6F2C}.Debug|Any CPU.ActiveCfg = Debug|Any CPU
		{B2CBE166-AED4-AE72-3705-E813C2CB6F2C}.Debug|Any CPU.Build.0 = Debug|Any CPU
		{B2CBE166-AED4-AE72-3705-E813C2CB6F2C}.Release|Any CPU.ActiveCfg = Release|Any CPU
		{B2CBE166-AED4-AE72-3705-E813C2CB6F2C}.Release|Any CPU.Build.0 = Release|Any CPU
		{DB1F6E8E-6FEA-B162-BD64-015EADC88A6B}.Debug|Any CPU.ActiveCfg = Debug|Any CPU
		{DB1F6E8E-6FEA-B162-BD64-015EADC88A6B}.Debug|Any CPU.Build.0 = Debug|Any CPU
		{DB1F6E8E-6FEA-B162-BD64-015EADC88A6B}.Release|Any CPU.ActiveCfg = Release|Any CPU
		{DB1F6E8E-6FEA-B162-BD64-015EADC88A6B}.Release|Any CPU.Build.0 = Release|Any CPU
		{3F2014FC-9C46-B91E-3AC2-692452DB9769}.Debug|Any CPU.ActiveCfg = Debug|Any CPU
		{3F2014FC-9C46-B91E-3AC2-692452DB9769}.Debug|Any CPU.Build.0 = Debug|Any CPU
		{3F2014FC-9C46-B91E-3AC2-692452DB9769}.Release|Any CPU.ActiveCfg = Release|Any CPU
		{3F2014FC-9C46-B91E-3AC2-692452DB9769}.Release|Any CPU.Build.0 = Release|Any CPU
		{A861FBF8-5D6D-609A-80E9-885D26F980A9}.Debug|Any CPU.ActiveCfg = Debug|Any CPU
		{A861FBF8-5D6D-609A-80E9-885D26F980A9}.Debug|Any CPU.Build.0 = Debug|Any CPU
		{A861FBF8-5D6D-609A-80E9-885D26F980A9}.Release|Any CPU.ActiveCfg = Release|Any CPU
		{A861FBF8-5D6D-609A-80E9-885D26F980A9}.Release|Any CPU.Build.0 = Release|Any CPU
		{80AD56D0-F6EB-4E31-554E-7D2ACAB20F36}.Debug|Any CPU.ActiveCfg = Debug|Any CPU
		{80AD56D0-F6EB-4E31-554E-7D2ACAB20F36}.Debug|Any CPU.Build.0 = Debug|Any CPU
		{80AD56D0-F6EB-4E31-554E-7D2ACAB20F36}.Release|Any CPU.ActiveCfg = Release|Any CPU
		{80AD56D0-F6EB-4E31-554E-7D2ACAB20F36}.Release|Any CPU.Build.0 = Release|Any CPU
		{F8EA325C-162F-963E-04CA-3FD47F37FC1F}.Debug|Any CPU.ActiveCfg = Debug|Any CPU
		{F8EA325C-162F-963E-04CA-3FD47F37FC1F}.Debug|Any CPU.Build.0 = Debug|Any CPU
		{F8EA325C-162F-963E-04CA-3FD47F37FC1F}.Release|Any CPU.ActiveCfg = Release|Any CPU
		{F8EA325C-162F-963E-04CA-3FD47F37FC1F}.Release|Any CPU.Build.0 = Release|Any CPU
		{21D07844-FB00-B3AC-3C9B-32D86543B9C6}.Debug|Any CPU.ActiveCfg = Debug|Any CPU
		{21D07844-FB00-B3AC-3C9B-32D86543B9C6}.Debug|Any CPU.Build.0 = Debug|Any CPU
		{21D07844-FB00-B3AC-3C9B-32D86543B9C6}.Release|Any CPU.ActiveCfg = Release|Any CPU
		{21D07844-FB00-B3AC-3C9B-32D86543B9C6}.Release|Any CPU.Build.0 = Release|Any CPU
		{DCB4E1E5-B016-365F-98D6-E5505CB99C23}.Debug|Any CPU.ActiveCfg = Debug|Any CPU
		{DCB4E1E5-B016-365F-98D6-E5505CB99C23}.Debug|Any CPU.Build.0 = Debug|Any CPU
		{DCB4E1E5-B016-365F-98D6-E5505CB99C23}.Release|Any CPU.ActiveCfg = Release|Any CPU
		{DCB4E1E5-B016-365F-98D6-E5505CB99C23}.Release|Any CPU.Build.0 = Release|Any CPU
		{5B026635-34B5-370C-328D-21C39433BD66}.Debug|Any CPU.ActiveCfg = Debug|Any CPU
		{5B026635-34B5-370C-328D-21C39433BD66}.Debug|Any CPU.Build.0 = Debug|Any CPU
		{5B026635-34B5-370C-328D-21C39433BD66}.Release|Any CPU.ActiveCfg = Release|Any CPU
		{5B026635-34B5-370C-328D-21C39433BD66}.Release|Any CPU.Build.0 = Release|Any CPU
		{CFC2041D-50DD-16A4-AD0C-058C8CFDB68B}.Debug|Any CPU.ActiveCfg = Debug|Any CPU
		{CFC2041D-50DD-16A4-AD0C-058C8CFDB68B}.Debug|Any CPU.Build.0 = Debug|Any CPU
		{CFC2041D-50DD-16A4-AD0C-058C8CFDB68B}.Release|Any CPU.ActiveCfg = Release|Any CPU
		{CFC2041D-50DD-16A4-AD0C-058C8CFDB68B}.Release|Any CPU.Build.0 = Release|Any CPU
		{B48F4C2B-49D5-E5A3-B4B5-562F98D674F0}.Debug|Any CPU.ActiveCfg = Debug|Any CPU
		{B48F4C2B-49D5-E5A3-B4B5-562F98D674F0}.Debug|Any CPU.Build.0 = Debug|Any CPU
		{B48F4C2B-49D5-E5A3-B4B5-562F98D674F0}.Release|Any CPU.ActiveCfg = Release|Any CPU
		{B48F4C2B-49D5-E5A3-B4B5-562F98D674F0}.Release|Any CPU.Build.0 = Release|Any CPU
		{292414C3-374A-09AC-5157-4868115286AC}.Debug|Any CPU.ActiveCfg = Debug|Any CPU
		{292414C3-374A-09AC-5157-4868115286AC}.Debug|Any CPU.Build.0 = Debug|Any CPU
		{292414C3-374A-09AC-5157-4868115286AC}.Release|Any CPU.ActiveCfg = Release|Any CPU
		{292414C3-374A-09AC-5157-4868115286AC}.Release|Any CPU.Build.0 = Release|Any CPU
		{E8A4B7A4-B87D-AC4A-DC08-E4FD2027FE7B}.Debug|Any CPU.ActiveCfg = Debug|Any CPU
		{E8A4B7A4-B87D-AC4A-DC08-E4FD2027FE7B}.Debug|Any CPU.Build.0 = Debug|Any CPU
		{E8A4B7A4-B87D-AC4A-DC08-E4FD2027FE7B}.Release|Any CPU.ActiveCfg = Release|Any CPU
		{E8A4B7A4-B87D-AC4A-DC08-E4FD2027FE7B}.Release|Any CPU.Build.0 = Release|Any CPU
		{0E8186A7-DCBB-EE5A-4F8E-C6CCA97B0853}.Debug|Any CPU.ActiveCfg = Debug|Any CPU
		{0E8186A7-DCBB-EE5A-4F8E-C6CCA97B0853}.Debug|Any CPU.Build.0 = Debug|Any CPU
		{0E8186A7-DCBB-EE5A-4F8E-C6CCA97B0853}.Release|Any CPU.ActiveCfg = Release|Any CPU
		{0E8186A7-DCBB-EE5A-4F8E-C6CCA97B0853}.Release|Any CPU.Build.0 = Release|Any CPU
		{9905B4E8-F43D-A4FE-9B25-CAA2D982227F}.Debug|Any CPU.ActiveCfg = Debug|Any CPU
		{9905B4E8-F43D-A4FE-9B25-CAA2D982227F}.Debug|Any CPU.Build.0 = Debug|Any CPU
		{9905B4E8-F43D-A4FE-9B25-CAA2D982227F}.Release|Any CPU.ActiveCfg = Release|Any CPU
		{9905B4E8-F43D-A4FE-9B25-CAA2D982227F}.Release|Any CPU.Build.0 = Release|Any CPU
		{AE76C8BB-454B-5092-A3CA-D2AFB3329605}.Debug|Any CPU.ActiveCfg = Debug|Any CPU
		{AE76C8BB-454B-5092-A3CA-D2AFB3329605}.Debug|Any CPU.Build.0 = Debug|Any CPU
		{AE76C8BB-454B-5092-A3CA-D2AFB3329605}.Release|Any CPU.ActiveCfg = Release|Any CPU
		{AE76C8BB-454B-5092-A3CA-D2AFB3329605}.Release|Any CPU.Build.0 = Release|Any CPU
		{27DB7A18-EBF0-9765-BF6F-09096279A4D5}.Debug|Any CPU.ActiveCfg = Debug|Any CPU
		{27DB7A18-EBF0-9765-BF6F-09096279A4D5}.Debug|Any CPU.Build.0 = Debug|Any CPU
		{27DB7A18-EBF0-9765-BF6F-09096279A4D5}.Release|Any CPU.ActiveCfg = Release|Any CPU
		{27DB7A18-EBF0-9765-BF6F-09096279A4D5}.Release|Any CPU.Build.0 = Release|Any CPU
		{F5676ECB-96E6-2E6A-6BE1-55ADEC28FAE7}.Debug|Any CPU.ActiveCfg = Debug|Any CPU
		{F5676ECB-96E6-2E6A-6BE1-55ADEC28FAE7}.Debug|Any CPU.Build.0 = Debug|Any CPU
		{F5676ECB-96E6-2E6A-6BE1-55ADEC28FAE7}.Release|Any CPU.ActiveCfg = Release|Any CPU
		{F5676ECB-96E6-2E6A-6BE1-55ADEC28FAE7}.Release|Any CPU.Build.0 = Release|Any CPU
	EndGlobalSection
	GlobalSection(SolutionProperties) = preSolution
		HideSolutionNode = FALSE
	EndGlobalSection
EndGlobal
